
Microsoft Visual Studio Solution File, Format Version 12.00
# Visual Studio Version 17
VisualStudioVersion = 17.5.33627.172
MinimumVisualStudioVersion = 10.0.40219.1
Project("{FAE04EC0-301F-11D3-BF4B-00C04F79EFBC}") = "LineaCrud.Server", "LineaCrud.Server\LineaCrud.Server.csproj", "{7FF69C0B-ED56-4C60-B69A-E0924FE0598F}"
EndProject
Project("{FAE04EC0-301F-11D3-BF4B-00C04F79EFBC}") = "LineaCrud.Shared", "LineaCrud.Shared\LineaCrud.Shared.csproj", "{926E72E2-6BF9-469D-978B-43C653194E51}"
EndProject
Global
	GlobalSection(SolutionConfigurationPlatforms) = preSolution
		Debug|Any CPU = Debug|Any CPU
		Release|Any CPU = Release|Any CPU
	EndGlobalSection
	GlobalSection(ProjectConfigurationPlatforms) = postSolution
		{7FF69C0B-ED56-4C60-B69A-E0924FE0598F}.Debug|Any CPU.ActiveCfg = Debug|Any CPU
		{7FF69C0B-ED56-4C60-B69A-E0924FE0598F}.Debug|Any CPU.Build.0 = Debug|Any CPU
		{7FF69C0B-ED56-4C60-B69A-E0924FE0598F}.Release|Any CPU.ActiveCfg = Release|Any CPU
		{7FF69C0B-ED56-4C60-B69A-E0924FE0598F}.Release|Any CPU.Build.0 = Release|Any CPU
		{926E72E2-6BF9-469D-978B-43C653194E51}.Debug|Any CPU.ActiveCfg = Debug|Any CPU
		{926E72E2-6BF9-469D-978B-43C653194E51}.Debug|Any CPU.Build.0 = Debug|Any CPU
		{926E72E2-6BF9-469D-978B-43C653194E51}.Release|Any CPU.ActiveCfg = Release|Any CPU
		{926E72E2-6BF9-469D-978B-43C653194E51}.Release|Any CPU.Build.0 = Release|Any CPU
	EndGlobalSection
	GlobalSection(SolutionProperties) = preSolution
		HideSolutionNode = FALSE
	EndGlobalSection
	GlobalSection(ExtensibilityGlobals) = postSolution
		SolutionGuid = {7576CEC8-6A6E-4F8A-97CA-0BEA676A1ADD}
	EndGlobalSection
EndGlobal
